
Microsoft Visual Studio Solution File, Format Version 12.00
# Visual Studio Version 17
VisualStudioVersion = 17.9.34723.18
MinimumVisualStudioVersion = 17.9.34723.18
Project("{FAE04EC0-301F-11D3-BF4B-00C04F79EFBC}") = "Sample.DesktopGL", "Sample.DesktopGL\Sample.DesktopGL.csproj", "{425CE849-F426-43BE-A2E9-6D37EC1EB522}"
EndProject
Global
	GlobalSection(SolutionConfigurationPlatforms) = preSolution
		Debug|Any CPU = Debug|Any CPU
		Release|Any CPU = Release|Any CPU
	EndGlobalSection
	GlobalSection(ProjectConfigurationPlatforms) = postSolution
		{425CE849-F426-43BE-A2E9-6D37EC1EB522}.Debug|Any CPU.ActiveCfg = Debug|Any CPU
		{425CE849-F426-43BE-A2E9-6D37EC1EB522}.Debug|Any CPU.Build.0 = Debug|Any CPU
		{425CE849-F426-43BE-A2E9-6D37EC1EB522}.Release|Any CPU.ActiveCfg = Release|Any CPU
		{425CE849-F426-43BE-A2E9-6D37EC1EB522}.Release|Any CPU.Build.0 = Release|Any CPU
	EndGlobalSection
	GlobalSection(SolutionProperties) = preSolution
		HideSolutionNode = FALSE
	EndGlobalSection
	GlobalSection(ExtensibilityGlobals) = postSolution
		SolutionGuid = {7B30208E-F089-4C42-8942-B726D3F5954B}
	EndGlobalSection
EndGlobal
